// !$*UTF8*$!
{
	archiveVersion = 1;
	classes = {
	};
	objectVersion = 50;
	objects = {

/* Begin PBXBuildFile section */
		7508DA5C2159565100022F5A /* CategoryViewController.swift in Sources */ = {isa = PBXBuildFile; fileRef = 7508DA5B2159565100022F5A /* CategoryViewController.swift */; };
		7521DB7B2152A5F400AAAAD9 /* AppDelegate.swift in Sources */ = {isa = PBXBuildFile; fileRef = 7521DB7A2152A5F400AAAAD9 /* AppDelegate.swift */; };
		7521DB7D2152A5F400AAAAD9 /* TodoListViewController.swift in Sources */ = {isa = PBXBuildFile; fileRef = 7521DB7C2152A5F400AAAAD9 /* TodoListViewController.swift */; };
		7521DB802152A5F400AAAAD9 /* Main.storyboard in Resources */ = {isa = PBXBuildFile; fileRef = 7521DB7E2152A5F400AAAAD9 /* Main.storyboard */; };
		7521DB822152A5F600AAAAD9 /* Assets.xcassets in Resources */ = {isa = PBXBuildFile; fileRef = 7521DB812152A5F600AAAAD9 /* Assets.xcassets */; };
		7521DB852152A5F600AAAAD9 /* LaunchScreen.storyboard in Resources */ = {isa = PBXBuildFile; fileRef = 7521DB832152A5F600AAAAD9 /* LaunchScreen.storyboard */; };
		753A72A2215E907800F91226 /* Item.swift in Sources */ = {isa = PBXBuildFile; fileRef = 753A72A1215E907800F91226 /* Item.swift */; };
		753A72A4215E908300F91226 /* Category.swift in Sources */ = {isa = PBXBuildFile; fileRef = 753A72A3215E908300F91226 /* Category.swift */; };
		F35C4749BD96D10F762C1418 /* Pods_Todoey.framework in Frameworks */ = {isa = PBXBuildFile; fileRef = 56430CA08C7142A583FD83B4 /* Pods_Todoey.framework */; };
/* End PBXBuildFile section */

/* Begin PBXFileReference section */
		56430CA08C7142A583FD83B4 /* Pods_Todoey.framework */ = {isa = PBXFileReference; explicitFileType = wrapper.framework; includeInIndex = 0; path = Pods_Todoey.framework; sourceTree = BUILT_PRODUCTS_DIR; };
		7508DA5B2159565100022F5A /* CategoryViewController.swift */ = {isa = PBXFileReference; lastKnownFileType = sourcecode.swift; path = CategoryViewController.swift; sourceTree = "<group>"; };
		7521DB772152A5F400AAAAD9 /* Todoey.app */ = {isa = PBXFileReference; explicitFileType = wrapper.application; includeInIndex = 0; path = Todoey.app; sourceTree = BUILT_PRODUCTS_DIR; };
		7521DB7A2152A5F400AAAAD9 /* AppDelegate.swift */ = {isa = PBXFileReference; lastKnownFileType = sourcecode.swift; path = AppDelegate.swift; sourceTree = "<group>"; };
		7521DB7C2152A5F400AAAAD9 /* TodoListViewController.swift */ = {isa = PBXFileReference; lastKnownFileType = sourcecode.swift; path = TodoListViewController.swift; sourceTree = "<group>"; };
		7521DB7F2152A5F400AAAAD9 /* Base */ = {isa = PBXFileReference; lastKnownFileType = file.storyboard; name = Base; path = Base.lproj/Main.storyboard; sourceTree = "<group>"; };
		7521DB812152A5F600AAAAD9 /* Assets.xcassets */ = {isa = PBXFileReference; lastKnownFileType = folder.assetcatalog; path = Assets.xcassets; sourceTree = "<group>"; };
		7521DB842152A5F600AAAAD9 /* Base */ = {isa = PBXFileReference; lastKnownFileType = file.storyboard; name = Base; path = Base.lproj/LaunchScreen.storyboard; sourceTree = "<group>"; };
		7521DB862152A5F600AAAAD9 /* Info.plist */ = {isa = PBXFileReference; lastKnownFileType = text.plist.xml; path = Info.plist; sourceTree = "<group>"; };
		753A72A1215E907800F91226 /* Item.swift */ = {isa = PBXFileReference; lastKnownFileType = sourcecode.swift; path = Item.swift; sourceTree = "<group>"; };
		753A72A3215E908300F91226 /* Category.swift */ = {isa = PBXFileReference; lastKnownFileType = sourcecode.swift; path = Category.swift; sourceTree = "<group>"; };
		7EE5D51025CF8EB377E049A3 /* Pods-Todoey.release.xcconfig */ = {isa = PBXFileReference; includeInIndex = 1; lastKnownFileType = text.xcconfig; name = "Pods-Todoey.release.xcconfig"; path = "Pods/Target Support Files/Pods-Todoey/Pods-Todoey.release.xcconfig"; sourceTree = "<group>"; };
		C8990608CF3370A91C34569B /* Pods-Todoey.debug.xcconfig */ = {isa = PBXFileReference; includeInIndex = 1; lastKnownFileType = text.xcconfig; name = "Pods-Todoey.debug.xcconfig"; path = "Pods/Target Support Files/Pods-Todoey/Pods-Todoey.debug.xcconfig"; sourceTree = "<group>"; };
/* End PBXFileReference section */

/* Begin PBXFrameworksBuildPhase section */
		7521DB742152A5F400AAAAD9 /* Frameworks */ = {
			isa = PBXFrameworksBuildPhase;
			buildActionMask = 2147483647;
			files = (
				F35C4749BD96D10F762C1418 /* Pods_Todoey.framework in Frameworks */,
			);
			runOnlyForDeploymentPostprocessing = 0;
		};
/* End PBXFrameworksBuildPhase section */

/* Begin PBXGroup section */
		07A47C95692DD270BE9899F1 /* Frameworks */ = {
			isa = PBXGroup;
			children = (
				56430CA08C7142A583FD83B4 /* Pods_Todoey.framework */,
			);
			name = Frameworks;
			sourceTree = "<group>";
		};
		7508DA2E21553F5A00022F5A /* Data Model */ = {
			isa = PBXGroup;
			children = (
				753A72A1215E907800F91226 /* Item.swift */,
				753A72A3215E908300F91226 /* Category.swift */,
			);
			path = "Data Model";
			sourceTree = "<group>";
		};
		7508DA2F21553F7000022F5A /* View */ = {
			isa = PBXGroup;
			children = (
				7521DB7E2152A5F400AAAAD9 /* Main.storyboard */,
			);
			path = View;
			sourceTree = "<group>";
		};
		7508DA3021553F7600022F5A /* Controller */ = {
			isa = PBXGroup;
			children = (
				7508DA5B2159565100022F5A /* CategoryViewController.swift */,
				7521DB7C2152A5F400AAAAD9 /* TodoListViewController.swift */,
			);
			path = Controller;
			sourceTree = "<group>";
		};
		7508DA3321553FC500022F5A /* Supporting Files */ = {
			isa = PBXGroup;
			children = (
				7521DB812152A5F600AAAAD9 /* Assets.xcassets */,
				7521DB832152A5F600AAAAD9 /* LaunchScreen.storyboard */,
			);
			path = "Supporting Files";
			sourceTree = "<group>";
		};
		7521DB6E2152A5F400AAAAD9 = {
			isa = PBXGroup;
			children = (
				7521DB792152A5F400AAAAD9 /* Todoey */,
				7521DB782152A5F400AAAAD9 /* Products */,
				AA11526DF7E5CDE82C88772B /* Pods */,
				07A47C95692DD270BE9899F1 /* Frameworks */,
			);
			sourceTree = "<group>";
		};
		7521DB782152A5F400AAAAD9 /* Products */ = {
			isa = PBXGroup;
			children = (
				7521DB772152A5F400AAAAD9 /* Todoey.app */,
			);
			name = Products;
			sourceTree = "<group>";
		};
		7521DB792152A5F400AAAAD9 /* Todoey */ = {
			isa = PBXGroup;
			children = (
				7508DA3021553F7600022F5A /* Controller */,
				7508DA2F21553F7000022F5A /* View */,
				7508DA2E21553F5A00022F5A /* Data Model */,
				7521DB7A2152A5F400AAAAD9 /* AppDelegate.swift */,
				7508DA3321553FC500022F5A /* Supporting Files */,
				7521DB862152A5F600AAAAD9 /* Info.plist */,
			);
			path = Todoey;
			sourceTree = "<group>";
		};
		AA11526DF7E5CDE82C88772B /* Pods */ = {
			isa = PBXGroup;
			children = (
				C8990608CF3370A91C34569B /* Pods-Todoey.debug.xcconfig */,
				7EE5D51025CF8EB377E049A3 /* Pods-Todoey.release.xcconfig */,
			);
			name = Pods;
			sourceTree = "<group>";
		};
/* End PBXGroup section */

/* Begin PBXNativeTarget section */
		7521DB762152A5F400AAAAD9 /* Todoey */ = {
			isa = PBXNativeTarget;
			buildConfigurationList = 7521DB892152A5F600AAAAD9 /* Build configuration list for PBXNativeTarget "Todoey" */;
			buildPhases = (
				E72D3036C457FAC233CD4BD4 /* [CP] Check Pods Manifest.lock */,
				7521DB732152A5F400AAAAD9 /* Sources */,
				7521DB742152A5F400AAAAD9 /* Frameworks */,
				7521DB752152A5F400AAAAD9 /* Resources */,
				5CCE88C73F13BFBBAE0F1694 /* [CP] Embed Pods Frameworks */,
			);
			buildRules = (
			);
			dependencies = (
			);
			name = Todoey;
			productName = Todoey;
			productReference = 7521DB772152A5F400AAAAD9 /* Todoey.app */;
			productType = "com.apple.product-type.application";
		};
/* End PBXNativeTarget section */

/* Begin PBXProject section */
		7521DB6F2152A5F400AAAAD9 /* Project object */ = {
			isa = PBXProject;
			attributes = {
				LastSwiftUpdateCheck = 1000;
				LastUpgradeCheck = 1000;
				ORGANIZATIONNAME = "Matthew Chambers";
				TargetAttributes = {
					7521DB762152A5F400AAAAD9 = {
						CreatedOnToolsVersion = 10.0;
					};
				};
			};
			buildConfigurationList = 7521DB722152A5F400AAAAD9 /* Build configuration list for PBXProject "Todoey" */;
			compatibilityVersion = "Xcode 9.3";
			developmentRegion = en;
			hasScannedForEncodings = 0;
			knownRegions = (
				en,
				Base,
			);
			mainGroup = 7521DB6E2152A5F400AAAAD9;
			productRefGroup = 7521DB782152A5F400AAAAD9 /* Products */;
			projectDirPath = "";
			projectRoot = "";
			targets = (
				7521DB762152A5F400AAAAD9 /* Todoey */,
			);
		};
/* End PBXProject section */

/* Begin PBXResourcesBuildPhase section */
		7521DB752152A5F400AAAAD9 /* Resources */ = {
			isa = PBXResourcesBuildPhase;
			buildActionMask = 2147483647;
			files = (
				7521DB852152A5F600AAAAD9 /* LaunchScreen.storyboard in Resources */,
				7521DB822152A5F600AAAAD9 /* Assets.xcassets in Resources */,
				7521DB802152A5F400AAAAD9 /* Main.storyboard in Resources */,
			);
			runOnlyForDeploymentPostprocessing = 0;
		};
/* End PBXResourcesBuildPhase section */

/* Begin PBXShellScriptBuildPhase section */
		5CCE88C73F13BFBBAE0F1694 /* [CP] Embed Pods Frameworks */ = {
			isa = PBXShellScriptBuildPhase;
			buildActionMask = 2147483647;
			files = (
			);
			inputFileListPaths = (
			);
			inputPaths = (
				"${SRCROOT}/Pods/Target Support Files/Pods-Todoey/Pods-Todoey-frameworks.sh",
				"${BUILT_PRODUCTS_DIR}/Realm/Realm.framework",
				"${BUILT_PRODUCTS_DIR}/RealmSwift/RealmSwift.framework",
			);
			name = "[CP] Embed Pods Frameworks";
			outputFileListPaths = (
			);
			outputPaths = (
				"${TARGET_BUILD_DIR}/${FRAMEWORKS_FOLDER_PATH}/Realm.framework",
				"${TARGET_BUILD_DIR}/${FRAMEWORKS_FOLDER_PATH}/RealmSwift.framework",
			);
			runOnlyForDeploymentPostprocessing = 0;
			shellPath = /bin/sh;
			shellScript = "\"${SRCROOT}/Pods/Target Support Files/Pods-Todoey/Pods-Todoey-frameworks.sh\"\n";
			showEnvVarsInLog = 0;
		};
		E72D3036C457FAC233CD4BD4 /* [CP] Check Pods Manifest.lock */ = {
			isa = PBXShellScriptBuildPhase;
			buildActionMask = 2147483647;
			files = (
			);
			inputFileListPaths = (
			);
			inputPaths = (
				"${PODS_PODFILE_DIR_PATH}/Podfile.lock",
				"${PODS_ROOT}/Manifest.lock",
			);
			name = "[CP] Check Pods Manifest.lock";
			outputFileListPaths = (
			);
			outputPaths = (
				"$(DERIVED_FILE_DIR)/Pods-Todoey-checkManifestLockResult.txt",
			);
			runOnlyForDeploymentPostprocessing = 0;
			shellPath = /bin/sh;
			shellScript = "diff \"${PODS_PODFILE_DIR_PATH}/Podfile.lock\" \"${PODS_ROOT}/Manifest.lock\" > /dev/null\nif [ $? != 0 ] ; then\n    # print error to STDERR\n    echo \"error: The sandbox is not in sync with the Podfile.lock. Run 'pod install' or update your CocoaPods installation.\" >&2\n    exit 1\nfi\n# This output is used by Xcode 'outputs' to avoid re-running this script phase.\necho \"SUCCESS\" > \"${SCRIPT_OUTPUT_FILE_0}\"\n";
			showEnvVarsInLog = 0;
		};
/* End PBXShellScriptBuildPhase section */

/* Begin PBXSourcesBuildPhase section */
		7521DB732152A5F400AAAAD9 /* Sources */ = {
			isa = PBXSourcesBuildPhase;
			buildActionMask = 2147483647;
			files = (
				753A72A2215E907800F91226 /* Item.swift in Sources */,
				7508DA5C2159565100022F5A /* CategoryViewController.swift in Sources */,
				7521DB7D2152A5F400AAAAD9 /* TodoListViewController.swift in Sources */,
				7521DB7B2152A5F400AAAAD9 /* AppDelegate.swift in Sources */,
				753A72A4215E908300F91226 /* Category.swift in Sources */,
			);
			runOnlyForDeploymentPostprocessing = 0;
		};
/* End PBXSourcesBuildPhase section */

/* Begin PBXVariantGroup section */
		7521DB7E2152A5F400AAAAD9 /* Main.storyboard */ = {
			isa = PBXVariantGroup;
			children = (
				7521DB7F2152A5F400AAAAD9 /* Base */,
			);
			name = Main.storyboard;
			sourceTree = "<group>";
		};
		7521DB832152A5F600AAAAD9 /* LaunchScreen.storyboard */ = {
			isa = PBXVariantGroup;
			children = (
				7521DB842152A5F600AAAAD9 /* Base */,
			);
			name = LaunchScreen.storyboard;
			sourceTree = "<group>";
		};
/* End PBXVariantGroup section */

/* Begin XCBuildConfiguration section */
		7521DB872152A5F600AAAAD9 /* Debug */ = {
			isa = XCBuildConfiguration;
			buildSettings = {
				ALWAYS_SEARCH_USER_PATHS = NO;
				CLANG_ANALYZER_NONNULL = YES;
				CLANG_ANALYZER_NUMBER_OBJECT_CONVERSION = YES_AGGRESSIVE;
				CLANG_CXX_LANGUAGE_STANDARD = "gnu++14";
				CLANG_CXX_LIBRARY = "libc++";
				CLANG_ENABLE_MODULES = YES;
				CLANG_ENABLE_OBJC_ARC = YES;
				CLANG_ENABLE_OBJC_WEAK = YES;
				CLANG_WARN_BLOCK_CAPTURE_AUTORELEASING = YES;
				CLANG_WARN_BOOL_CONVERSION = YES;
				CLANG_WARN_COMMA = YES;
				CLANG_WARN_CONSTANT_CONVERSION = YES;
				CLANG_WARN_DEPRECATED_OBJC_IMPLEMENTATIONS = YES;
				CLANG_WARN_DIRECT_OBJC_ISA_USAGE = YES_ERROR;
				CLANG_WARN_DOCUMENTATION_COMMENTS = YES;
				CLANG_WARN_EMPTY_BODY = YES;
				CLANG_WARN_ENUM_CONVERSION = YES;
				CLANG_WARN_INFINITE_RECURSION = YES;
				CLANG_WARN_INT_CONVERSION = YES;
				CLANG_WARN_NON_LITERAL_NULL_CONVERSION = YES;
				CLANG_WARN_OBJC_IMPLICIT_RETAIN_SELF = YES;
				CLANG_WARN_OBJC_LITERAL_CONVERSION = YES;
				CLANG_WARN_OBJC_ROOT_CLASS = YES_ERROR;
				CLANG_WARN_RANGE_LOOP_ANALYSIS = YES;
				CLANG_WARN_STRICT_PROTOTYPES = YES;
				CLANG_WARN_SUSPICIOUS_MOVE = YES;
				CLANG_WARN_UNGUARDED_AVAILABILITY = YES_AGGRESSIVE;
				CLANG_WARN_UNREACHABLE_CODE = YES;
				CLANG_WARN__DUPLICATE_METHOD_MATCH = YES;
				CODE_SIGN_IDENTITY = "iPhone Developer";
				COPY_PHASE_STRIP = NO;
				DEBUG_INFORMATION_FORMAT = dwarf;
				ENABLE_STRICT_OBJC_MSGSEND = YES;
				ENABLE_TESTABILITY = YES;
				GCC_C_LANGUAGE_STANDARD = gnu11;
				GCC_DYNAMIC_NO_PIC = NO;
				GCC_NO_COMMON_BLOCKS = YES;
				GCC_OPTIMIZATION_LEVEL = 0;
				GCC_PREPROCESSOR_DEFINITIONS = (
					"DEBUG=1",
					"$(inherited)",
				);
				GCC_WARN_64_TO_32_BIT_CONVERSION = YES;
				GCC_WARN_ABOUT_RETURN_TYPE = YES_ERROR;
				GCC_WARN_UNDECLARED_SELECTOR = YES;
				GCC_WARN_UNINITIALIZED_AUTOS = YES_AGGRESSIVE;
				GCC_WARN_UNUSED_FUNCTION = YES;
				GCC_WARN_UNUSED_VARIABLE = YES;
				IPHONEOS_DEPLOYMENT_TARGET = 12.0;
				MTL_ENABLE_DEBUG_INFO = INCLUDE_SOURCE;
				MTL_FAST_MATH = YES;
				ONLY_ACTIVE_ARCH = YES;
				SDKROOT = iphoneos;
				SWIFT_ACTIVE_COMPILATION_CONDITIONS = DEBUG;
				SWIFT_OPTIMIZATION_LEVEL = "-Onone";
			};
			name = Debug;
		};
		7521DB882152A5F600AAAAD9 /* Release */ = {
			isa = XCBuildConfiguration;
			buildSettings = {
				ALWAYS_SEARCH_USER_PATHS = NO;
				CLANG_ANALYZER_NONNULL = YES;
				CLANG_ANALYZER_NUMBER_OBJECT_CONVERSION = YES_AGGRESSIVE;
				CLANG_CXX_LANGUAGE_STANDARD = "gnu++14";
				CLANG_CXX_LIBRARY = "libc++";
				CLANG_ENABLE_MODULES = YES;
				CLANG_ENABLE_OBJC_ARC = YES;
				CLANG_ENABLE_OBJC_WEAK = YES;
				CLANG_WARN_BLOCK_CAPTURE_AUTORELEASING = YES;
				CLANG_WARN_BOOL_CONVERSION = YES;
				CLANG_WARN_COMMA = YES;
				CLANG_WARN_CONSTANT_CONVERSION = YES;
				CLANG_WARN_DEPRECATED_OBJC_IMPLEMENTATIONS = YES;
				CLANG_WARN_DIRECT_OBJC_ISA_USAGE = YES_ERROR;
				CLANG_WARN_DOCUMENTATION_COMMENTS = YES;
				CLANG_WARN_EMPTY_BODY = YES;
				CLANG_WARN_ENUM_CONVERSION = YES;
				CLANG_WARN_INFINITE_RECURSION = YES;
				CLANG_WARN_INT_CONVERSION = YES;
				CLANG_WARN_NON_LITERAL_NULL_CONVERSION = YES;
				CLANG_WARN_OBJC_IMPLICIT_RETAIN_SELF = YES;
				CLANG_WARN_OBJC_LITERAL_CONVERSION = YES;
				CLANG_WARN_OBJC_ROOT_CLASS = YES_ERROR;
				CLANG_WARN_RANGE_LOOP_ANALYSIS = YES;
				CLANG_WARN_STRICT_PROTOTYPES = YES;
				CLANG_WARN_SUSPICIOUS_MOVE = YES;
				CLANG_WARN_UNGUARDED_AVAILABILITY = YES_AGGRESSIVE;
				CLANG_WARN_UNREACHABLE_CODE = YES;
				CLANG_WARN__DUPLICATE_METHOD_MATCH = YES;
				CODE_SIGN_IDENTITY = "iPhone Developer";
				COPY_PHASE_STRIP = NO;
				DEBUG_INFORMATION_FORMAT = "dwarf-with-dsym";
				ENABLE_NS_ASSERTIONS = NO;
				ENABLE_STRICT_OBJC_MSGSEND = YES;
				GCC_C_LANGUAGE_STANDARD = gnu11;
				GCC_NO_COMMON_BLOCKS = YES;
				GCC_WARN_64_TO_32_BIT_CONVERSION = YES;
				GCC_WARN_ABOUT_RETURN_TYPE = YES_ERROR;
				GCC_WARN_UNDECLARED_SELECTOR = YES;
				GCC_WARN_UNINITIALIZED_AUTOS = YES_AGGRESSIVE;
				GCC_WARN_UNUSED_FUNCTION = YES;
				GCC_WARN_UNUSED_VARIABLE = YES;
				IPHONEOS_DEPLOYMENT_TARGET = 12.0;
				MTL_ENABLE_DEBUG_INFO = NO;
				MTL_FAST_MATH = YES;
				SDKROOT = iphoneos;
				SWIFT_COMPILATION_MODE = wholemodule;
				SWIFT_OPTIMIZATION_LEVEL = "-O";
				VALIDATE_PRODUCT = YES;
			};
			name = Release;
		};
		7521DB8A2152A5F600AAAAD9 /* Debug */ = {
			isa = XCBuildConfiguration;
			baseConfigurationReference = C8990608CF3370A91C34569B /* Pods-Todoey.debug.xcconfig */;
			buildSettings = {
				ASSETCATALOG_COMPILER_APPICON_NAME = AppIcon;
				CODE_SIGN_STYLE = Automatic;
				DEVELOPMENT_TEAM = 39M88XJ69A;
				INFOPLIST_FILE = Todoey/Info.plist;
				LD_RUNPATH_SEARCH_PATHS = (
					"$(inherited)",
					"@executable_path/Frameworks",
				);
				PRODUCT_BUNDLE_IDENTIFIER = com.smartquark.Todoey;
				PRODUCT_NAME = "$(TARGET_NAME)";
				SWIFT_VERSION = 4.2;
				TARGETED_DEVICE_FAMILY = "1,2";
			};
			name = Debug;
		};
		7521DB8B2152A5F600AAAAD9 /* Release */ = {
			isa = XCBuildConfiguration;
			baseConfigurationReference = 7EE5D51025CF8EB377E049A3 /* Pods-Todoey.release.xcconfig */;
			buildSettings = {
				ASSETCATALOG_COMPILER_APPICON_NAME = AppIcon;
				CODE_SIGN_STYLE = Automatic;
				DEVELOPMENT_TEAM = 39M88XJ69A;
				INFOPLIST_FILE = Todoey/Info.plist;
				LD_RUNPATH_SEARCH_PATHS = (
					"$(inherited)",
					"@executable_path/Frameworks",
				);
				PRODUCT_BUNDLE_IDENTIFIER = com.smartquark.Todoey;
				PRODUCT_NAME = "$(TARGET_NAME)";
				SWIFT_VERSION = 4.2;
				TARGETED_DEVICE_FAMILY = "1,2";
			};
			name = Release;
		};
/* End XCBuildConfiguration section */

/* Begin XCConfigurationList section */
		7521DB722152A5F400AAAAD9 /* Build configuration list for PBXProject "Todoey" */ = {
			isa = XCConfigurationList;
			buildConfigurations = (
				7521DB872152A5F600AAAAD9 /* Debug */,
				7521DB882152A5F600AAAAD9 /* Release */,
			);
			defaultConfigurationIsVisible = 0;
			defaultConfigurationName = Release;
		};
		7521DB892152A5F600AAAAD9 /* Build configuration list for PBXNativeTarget "Todoey" */ = {
			isa = XCConfigurationList;
			buildConfigurations = (
				7521DB8A2152A5F600AAAAD9 /* Debug */,
				7521DB8B2152A5F600AAAAD9 /* Release */,
			);
			defaultConfigurationIsVisible = 0;
			defaultConfigurationName = Release;
		};
/* End XCConfigurationList section */
	};
	rootObject = 7521DB6F2152A5F400AAAAD9 /* Project object */;
}
